{
  "nodes": {
    "nixpkgs": {
      "locked": {
        "lastModified": 1787498568,
        "narHash": "sha256-9i/VTdusq/+NM/tz+J1Re+ojkMB8MBf0QshnYfzHz30=",
        "owner": "NixOS",
        "repo": "nixpkgs",
        "rev": "56c02bc00adcf003215cc4bd996d6efaf4cff188",
        "type": "github"
      },
      "original": {
        "owner": "NixOS",
        "ref": "nixos-unstable",
        "repo": "nixpkgs",
        "type": "github"
      }
    },
    "picinae": {
      "flake": false,
      "locked": {
        "lastModified": 1787180403,
        "narHash": "sha256-76gO5HjX2eMmEmj63ESwKCpYQiIK99sQQw9E77t/ruI=",
        "owner": "CharlesAverill",
        "repo": "Picinae",
        "rev": "7545663c0043fc22971d6cc59e7a8c7f444a4e70",
        "type": "github"
      },
      "original": {
        "owner": "CharlesAverill",
        "ref": "duneify",
        "repo": "Picinae",
        "type": "github"
      }
    },
    "rocq-primitive": {
      "flake": false,
      "locked": {
        "lastModified": 1769425546,
        "narHash": "sha256-AGVYWIiAe/cmAffV6jDHc166yUg1zDFzUj6b1NvWyvk=",
        "owner": "peregrine-project",
        "repo": "rocq-primitive",
        "rev": "64f5e58bce115415bd61e3285aa077410a3f25d0",
        "type": "github"
      },
      "original": {
        "owner": "peregrine-project",
        "ref": "9.0.0",
        "repo": "rocq-primitive",
        "type": "github"
      }
    },
    "root": {
      "inputs": {
        "nixpkgs": "nixpkgs",
        "picinae": "picinae",
        "rocq-primitive": "rocq-primitive"
      }
    }
  },
  "root": "root",
  "version": 7
}
