{
  "nodes": {
    "nixpkgs": {
      "locked": {
        "lastModified": 1786599213,
        "narHash": "sha256-yNJd40f11EzXBjSByCB7IPpeFFAdeoSKKM67dGkfFoU=",
        "owner": "NixOS",
        "repo": "nixpkgs",
        "rev": "0e251e24a4f24e036a084b6b4b2d2491af4167f4",
        "type": "github"
      },
      "original": {
        "owner": "NixOS",
        "ref": "nixos-unstable",
        "repo": "nixpkgs",
        "type": "github"
      }
    },
    "picinae": {
      "flake": false,
      "locked": {
        "lastModified": 1786985454,
        "narHash": "sha256-Yjdd+yIcQgwIJhyWWo7rrku0c37NSbEKurEyfpplJ3w=",
        "owner": "CharlesAverill",
        "repo": "Picinae",
        "rev": "a77bcf58020f81a5ce432e4c6f786a968e788105",
        "type": "github"
      },
      "original": {
        "owner": "CharlesAverill",
        "ref": "duneify",
        "repo": "Picinae",
        "type": "github"
      }
    },
    "rocq-primitive": {
      "flake": false,
      "locked": {
        "lastModified": 1769425546,
        "narHash": "sha256-AGVYWIiAe/cmAffV6jDHc166yUg1zDFzUj6b1NvWyvk=",
        "owner": "peregrine-project",
        "repo": "rocq-primitive",
        "rev": "64f5e58bce115415bd61e3285aa077410a3f25d0",
        "type": "github"
      },
      "original": {
        "owner": "peregrine-project",
        "ref": "9.0.0",
        "repo": "rocq-primitive",
        "type": "github"
      }
    },
    "root": {
      "inputs": {
        "nixpkgs": "nixpkgs",
        "picinae": "picinae",
        "rocq-primitive": "rocq-primitive"
      }
    }
  },
  "root": "root",
  "version": 7
}
